{
  "name": "@devhpatel/env-checker",
  "version": "1.0.0",
  "lockfileVersion": 3,
  "requires": true,
  "packages": {
    "": {
      "name": "@devhpatel/env-checker",
      "version": "1.0.0",
      "license": "MIT",
      "dependencies": {
        "env-checker": "^1.0.1"
      }
    },
    "node_modules/env-checker": {
      "version": "1.0.1",
      "resolved": "https://registry.npmjs.org/env-checker/-/env-checker-1.0.1.tgz",
      "integrity": "sha512-gcvXLrurKF6tqMUoOonhMQ3e9carPhMdixT650ZqG7vj5eX0WX4HlWTYu4CsuMAX7D3FcMuV/mJLmsK/QWzjDA==",
      "license": "MIT"
    }
  }
}
